
Microsoft Visual Studio Solution File, Format Version 12.00
# Visual Studio 15
VisualStudioVersion = 15.0.28307.705
MinimumVisualStudioVersion = 10.0.40219.1
Project("{FAE04EC0-301F-11D3-BF4B-00C04F79EFBC}") = "IdenticonDraw", "IdenticonDraw\IdenticonDraw.csproj", "{CBA53E46-347E-4D1C-A6B9-06E103AE3ADE}"
EndProject
Global
	GlobalSection(SolutionConfigurationPlatforms) = preSolution
		Debug|Any CPU = Debug|Any CPU
		Release|Any CPU = Release|Any CPU
	EndGlobalSection
	GlobalSection(ProjectConfigurationPlatforms) = postSolution
		{CBA53E46-347E-4D1C-A6B9-06E103AE3ADE}.Debug|Any CPU.ActiveCfg = Debug|Any CPU
		{CBA53E46-347E-4D1C-A6B9-06E103AE3ADE}.Debug|Any CPU.Build.0 = Debug|Any CPU
		{CBA53E46-347E-4D1C-A6B9-06E103AE3ADE}.Release|Any CPU.ActiveCfg = Release|Any CPU
		{CBA53E46-347E-4D1C-A6B9-06E103AE3ADE}.Release|Any CPU.Build.0 = Release|Any CPU
	EndGlobalSection
	GlobalSection(SolutionProperties) = preSolution
		HideSolutionNode = FALSE
	EndGlobalSection
	GlobalSection(ExtensibilityGlobals) = postSolution
		SolutionGuid = {AAC63662-E6D9-48E0-9E78-8411DC280DFE}
	EndGlobalSection
EndGlobal
